
Microsoft Visual Studio Solution File, Format Version 12.00
# Visual Studio Version 17
VisualStudioVersion = 17.0.31903.59
MinimumVisualStudioVersion = 10.0.40219.1
Project("{2150E333-8FDC-42A3-9474-1A3956D46DE8}") = "Services", "Services", "{DFE8C874-A1B7-454C-8A1B-FC6ACFFC689F}"
EndProject
Project("{FAE04EC0-301F-11D3-BF4B-00C04F79EFBC}") = "Ypdf.Web.AccountAPI", "Services\Ypdf.Web.AccountAPI\Ypdf.Web.AccountAPI.csproj", "{EC707689-B2DF-4E9D-850B-7D854D24178B}"
EndProject
Project("{FAE04EC0-301F-11D3-BF4B-00C04F79EFBC}") = "Ypdf.Web.PdfProcessingAPI", "Services\Ypdf.Web.PdfProcessingAPI\Ypdf.Web.PdfProcessingAPI.csproj", "{D83A3E1B-D206-40DA-9913-5CE1BFFDA799}"
EndProject
Project("{2150E333-8FDC-42A3-9474-1A3956D46DE8}") = "Applications", "Applications", "{C7323EE8-58F9-4856-8533-F6928E8E6AF7}"
EndProject
Project("{FAE04EC0-301F-11D3-BF4B-00C04F79EFBC}") = "Ypdf.Web.WebApp", "Applications\Ypdf.Web.WebApp\Ypdf.Web.WebApp.csproj", "{69E0C190-BE0D-4EF0-8422-62C7FACF1B5A}"
EndProject
Project("{2150E333-8FDC-42A3-9474-1A3956D46DE8}") = "Domain", "Domain", "{5E8DAE3C-D93A-4767-85DC-F39BA8DE4FA0}"
EndProject
Project("{FAE04EC0-301F-11D3-BF4B-00C04F79EFBC}") = "Ypdf.Web.Domain", "Domain\Ypdf.Web.Domain\Ypdf.Web.Domain.csproj", "{B90AC8AA-4670-42CE-87AA-32172D61D795}"
EndProject
Project("{FAE04EC0-301F-11D3-BF4B-00C04F79EFBC}") = "Ypdf.Web.PdfOperationsHistoryAPI", "Services\Ypdf.Web.PdfOperationsHistoryAPI\Ypdf.Web.PdfOperationsHistoryAPI.csproj", "{4F4D01C1-797A-4E0B-9228-A1A7B8193A40}"
EndProject
Global
	GlobalSection(SolutionConfigurationPlatforms) = preSolution
		Debug|Any CPU = Debug|Any CPU
		Release|Any CPU = Release|Any CPU
	EndGlobalSection
	GlobalSection(SolutionProperties) = preSolution
		HideSolutionNode = FALSE
	EndGlobalSection
	GlobalSection(ProjectConfigurationPlatforms) = postSolution
		{EC707689-B2DF-4E9D-850B-7D854D24178B}.Debug|Any CPU.ActiveCfg = Debug|Any CPU
		{EC707689-B2DF-4E9D-850B-7D854D24178B}.Debug|Any CPU.Build.0 = Debug|Any CPU
		{EC707689-B2DF-4E9D-850B-7D854D24178B}.Release|Any CPU.ActiveCfg = Release|Any CPU
		{EC707689-B2DF-4E9D-850B-7D854D24178B}.Release|Any CPU.Build.0 = Release|Any CPU
		{D83A3E1B-D206-40DA-9913-5CE1BFFDA799}.Debug|Any CPU.ActiveCfg = Debug|Any CPU
		{D83A3E1B-D206-40DA-9913-5CE1BFFDA799}.Debug|Any CPU.Build.0 = Debug|Any CPU
		{D83A3E1B-D206-40DA-9913-5CE1BFFDA799}.Release|Any CPU.ActiveCfg = Release|Any CPU
		{D83A3E1B-D206-40DA-9913-5CE1BFFDA799}.Release|Any CPU.Build.0 = Release|Any CPU
		{69E0C190-BE0D-4EF0-8422-62C7FACF1B5A}.Debug|Any CPU.ActiveCfg = Debug|Any CPU
		{69E0C190-BE0D-4EF0-8422-62C7FACF1B5A}.Debug|Any CPU.Build.0 = Debug|Any CPU
		{69E0C190-BE0D-4EF0-8422-62C7FACF1B5A}.Release|Any CPU.ActiveCfg = Release|Any CPU
		{69E0C190-BE0D-4EF0-8422-62C7FACF1B5A}.Release|Any CPU.Build.0 = Release|Any CPU
		{B90AC8AA-4670-42CE-87AA-32172D61D795}.Debug|Any CPU.ActiveCfg = Debug|Any CPU
		{B90AC8AA-4670-42CE-87AA-32172D61D795}.Debug|Any CPU.Build.0 = Debug|Any CPU
		{B90AC8AA-4670-42CE-87AA-32172D61D795}.Release|Any CPU.ActiveCfg = Release|Any CPU
		{B90AC8AA-4670-42CE-87AA-32172D61D795}.Release|Any CPU.Build.0 = Release|Any CPU
		{4F4D01C1-797A-4E0B-9228-A1A7B8193A40}.Debug|Any CPU.ActiveCfg = Debug|Any CPU
		{4F4D01C1-797A-4E0B-9228-A1A7B8193A40}.Debug|Any CPU.Build.0 = Debug|Any CPU
		{4F4D01C1-797A-4E0B-9228-A1A7B8193A40}.Release|Any CPU.ActiveCfg = Release|Any CPU
		{4F4D01C1-797A-4E0B-9228-A1A7B8193A40}.Release|Any CPU.Build.0 = Release|Any CPU
	EndGlobalSection
	GlobalSection(NestedProjects) = preSolution
		{EC707689-B2DF-4E9D-850B-7D854D24178B} = {DFE8C874-A1B7-454C-8A1B-FC6ACFFC689F}
		{D83A3E1B-D206-40DA-9913-5CE1BFFDA799} = {DFE8C874-A1B7-454C-8A1B-FC6ACFFC689F}
		{69E0C190-BE0D-4EF0-8422-62C7FACF1B5A} = {C7323EE8-58F9-4856-8533-F6928E8E6AF7}
		{B90AC8AA-4670-42CE-87AA-32172D61D795} = {5E8DAE3C-D93A-4767-85DC-F39BA8DE4FA0}
		{4F4D01C1-797A-4E0B-9228-A1A7B8193A40} = {DFE8C874-A1B7-454C-8A1B-FC6ACFFC689F}
	EndGlobalSection
EndGlobal
